
Microsoft Visual Studio Solution File, Format Version 12.00
# Visual Studio Version 16
VisualStudioVersion = 16.0.30907.101
MinimumVisualStudioVersion = 10.0.40219.1
Project("{9A19103F-16F7-4668-BE54-9A1E7A4F7556}") = "OrderProcess.Server", "OrderProcess.Server\OrderProcess.Server.csproj", "{F254F2BF-A743-424B-909A-B869743B8D0C}"
EndProject
Project("{9A19103F-16F7-4668-BE54-9A1E7A4F7556}") = "OrderProcess.Client", "OrderProcess.Client\OrderProcess.Client.csproj", "{9E66DBE3-EE9E-4A8F-9950-FA49D63DAB52}"
EndProject
Project("{9A19103F-16F7-4668-BE54-9A1E7A4F7556}") = "OrderProcess.Shared", "OrderProcess.Shared\OrderProcess.Shared.csproj", "{C3F0F8EE-BF63-4D93-B06A-9ADE52EC1937}"
EndProject
Project("{9A19103F-16F7-4668-BE54-9A1E7A4F7556}") = "OrderProcess.Worker", "OrderProcess.Worker\OrderProcess.Worker.csproj", "{CC14E7D2-BA1B-49DC-B9FC-1197EEEAD42D}"
EndProject
Project("{9A19103F-16F7-4668-BE54-9A1E7A4F7556}") = "OrderProcess.Data", "OrderProcess.Data\OrderProcess.Data.csproj", "{584E5DFA-1F28-4991-85E0-1332E94BA709}"
EndProject
Global
	GlobalSection(SolutionConfigurationPlatforms) = preSolution
		Debug|Any CPU = Debug|Any CPU
		Release|Any CPU = Release|Any CPU
	EndGlobalSection
	GlobalSection(ProjectConfigurationPlatforms) = postSolution
		{F254F2BF-A743-424B-909A-B869743B8D0C}.Debug|Any CPU.ActiveCfg = Debug|Any CPU
		{F254F2BF-A743-424B-909A-B869743B8D0C}.Debug|Any CPU.Build.0 = Debug|Any CPU
		{F254F2BF-A743-424B-909A-B869743B8D0C}.Release|Any CPU.ActiveCfg = Release|Any CPU
		{F254F2BF-A743-424B-909A-B869743B8D0C}.Release|Any CPU.Build.0 = Release|Any CPU
		{9E66DBE3-EE9E-4A8F-9950-FA49D63DAB52}.Debug|Any CPU.ActiveCfg = Debug|Any CPU
		{9E66DBE3-EE9E-4A8F-9950-FA49D63DAB52}.Debug|Any CPU.Build.0 = Debug|Any CPU
		{9E66DBE3-EE9E-4A8F-9950-FA49D63DAB52}.Release|Any CPU.ActiveCfg = Release|Any CPU
		{9E66DBE3-EE9E-4A8F-9950-FA49D63DAB52}.Release|Any CPU.Build.0 = Release|Any CPU
		{C3F0F8EE-BF63-4D93-B06A-9ADE52EC1937}.Debug|Any CPU.ActiveCfg = Debug|Any CPU
		{C3F0F8EE-BF63-4D93-B06A-9ADE52EC1937}.Debug|Any CPU.Build.0 = Debug|Any CPU
		{C3F0F8EE-BF63-4D93-B06A-9ADE52EC1937}.Release|Any CPU.ActiveCfg = Release|Any CPU
		{C3F0F8EE-BF63-4D93-B06A-9ADE52EC1937}.Release|Any CPU.Build.0 = Release|Any CPU
		{CC14E7D2-BA1B-49DC-B9FC-1197EEEAD42D}.Debug|Any CPU.ActiveCfg = Debug|Any CPU
		{CC14E7D2-BA1B-49DC-B9FC-1197EEEAD42D}.Debug|Any CPU.Build.0 = Debug|Any CPU
		{CC14E7D2-BA1B-49DC-B9FC-1197EEEAD42D}.Release|Any CPU.ActiveCfg = Release|Any CPU
		{CC14E7D2-BA1B-49DC-B9FC-1197EEEAD42D}.Release|Any CPU.Build.0 = Release|Any CPU
		{584E5DFA-1F28-4991-85E0-1332E94BA709}.Debug|Any CPU.ActiveCfg = Debug|Any CPU
		{584E5DFA-1F28-4991-85E0-1332E94BA709}.Debug|Any CPU.Build.0 = Debug|Any CPU
		{584E5DFA-1F28-4991-85E0-1332E94BA709}.Release|Any CPU.ActiveCfg = Release|Any CPU
		{584E5DFA-1F28-4991-85E0-1332E94BA709}.Release|Any CPU.Build.0 = Release|Any CPU
	EndGlobalSection
	GlobalSection(SolutionProperties) = preSolution
		HideSolutionNode = FALSE
	EndGlobalSection
	GlobalSection(ExtensibilityGlobals) = postSolution
		SolutionGuid = {7E8D3DAE-50A4-4AA7-B31F-0E82FEAE1309}
	EndGlobalSection
EndGlobal
